// !$*UTF8*$!
{
	archiveVersion = 1;
	classes = {
	};
	objectVersion = 56;
	objects = {

/* Begin PBXBuildFile section */
		9DBAA6FA2B642334007336BC /* AppDelegate.swift in Sources */ = {isa = PBXBuildFile; fileRef = 9DBAA6F92B642334007336BC /* AppDelegate.swift */; };
		9DBAA6FC2B642334007336BC /* SceneDelegate.swift in Sources */ = {isa = PBXBuildFile; fileRef = 9DBAA6FB2B642334007336BC /* SceneDelegate.swift */; };
		9DBAA6FE2B642334007336BC /* MainPage.swift in Sources */ = {isa = PBXBuildFile; fileRef = 9DBAA6FD2B642334007336BC /* MainPage.swift */; };
		9DBAA7012B642334007336BC /* Main.storyboard in Resources */ = {isa = PBXBuildFile; fileRef = 9DBAA6FF2B642334007336BC /* Main.storyboard */; };
		9DBAA7032B642338007336BC /* Assets.xcassets in Resources */ = {isa = PBXBuildFile; fileRef = 9DBAA7022B642338007336BC /* Assets.xcassets */; };
		9DBAA7062B642338007336BC /* LaunchScreen.storyboard in Resources */ = {isa = PBXBuildFile; fileRef = 9DBAA7042B642338007336BC /* LaunchScreen.storyboard */; };
		9DBAA70E2B6A7BA6007336BC /* Products.swift in Sources */ = {isa = PBXBuildFile; fileRef = 9DBAA70D2B6A7BA6007336BC /* Products.swift */; };
		9DBAA7102B6A7F1D007336BC /* DetailPage.swift in Sources */ = {isa = PBXBuildFile; fileRef = 9DBAA70F2B6A7F1D007336BC /* DetailPage.swift */; };
		9DBAA7152B6A8DD2007336BC /* ProductsCell.swift in Sources */ = {isa = PBXBuildFile; fileRef = 9DBAA7142B6A8DD2007336BC /* ProductsCell.swift */; };
/* End PBXBuildFile section */

/* Begin PBXFileReference section */
		9DBAA6F62B642334007336BC /* ProductsApp.app */ = {isa = PBXFileReference; explicitFileType = wrapper.application; includeInIndex = 0; path = ProductsApp.app; sourceTree = BUILT_PRODUCTS_DIR; };
		9DBAA6F92B642334007336BC /* AppDelegate.swift */ = {isa = PBXFileReference; lastKnownFileType = sourcecode.swift; path = AppDelegate.swift; sourceTree = "<group>"; };
		9DBAA6FB2B642334007336BC /* SceneDelegate.swift */ = {isa = PBXFileReference; lastKnownFileType = sourcecode.swift; path = SceneDelegate.swift; sourceTree = "<group>"; };
		9DBAA6FD2B642334007336BC /* MainPage.swift */ = {isa = PBXFileReference; lastKnownFileType = sourcecode.swift; path = MainPage.swift; sourceTree = "<group>"; };
		9DBAA7002B642334007336BC /* Base */ = {isa = PBXFileReference; lastKnownFileType = file.storyboard; name = Base; path = Base.lproj/Main.storyboard; sourceTree = "<group>"; };
		9DBAA7022B642338007336BC /* Assets.xcassets */ = {isa = PBXFileReference; lastKnownFileType = folder.assetcatalog; path = Assets.xcassets; sourceTree = "<group>"; };
		9DBAA7052B642338007336BC /* Base */ = {isa = PBXFileReference; lastKnownFileType = file.storyboard; name = Base; path = Base.lproj/LaunchScreen.storyboard; sourceTree = "<group>"; };
		9DBAA7072B642338007336BC /* Info.plist */ = {isa = PBXFileReference; lastKnownFileType = text.plist.xml; path = Info.plist; sourceTree = "<group>"; };
		9DBAA70D2B6A7BA6007336BC /* Products.swift */ = {isa = PBXFileReference; lastKnownFileType = sourcecode.swift; path = Products.swift; sourceTree = "<group>"; };
		9DBAA70F2B6A7F1D007336BC /* DetailPage.swift */ = {isa = PBXFileReference; lastKnownFileType = sourcecode.swift; path = DetailPage.swift; sourceTree = "<group>"; };
		9DBAA7142B6A8DD2007336BC /* ProductsCell.swift */ = {isa = PBXFileReference; lastKnownFileType = sourcecode.swift; path = ProductsCell.swift; sourceTree = "<group>"; };
/* End PBXFileReference section */

/* Begin PBXFrameworksBuildPhase section */
		9DBAA6F32B642334007336BC /* Frameworks */ = {
			isa = PBXFrameworksBuildPhase;
			buildActionMask = 2147483647;
			files = (
			);
			runOnlyForDeploymentPostprocessing = 0;
		};
/* End PBXFrameworksBuildPhase section */

/* Begin PBXGroup section */
		9DBAA6ED2B642334007336BC = {
			isa = PBXGroup;
			children = (
				9DBAA6F82B642334007336BC /* ProductsApp */,
				9DBAA6F72B642334007336BC /* Products */,
			);
			sourceTree = "<group>";
		};
		9DBAA6F72B642334007336BC /* Products */ = {
			isa = PBXGroup;
			children = (
				9DBAA6F62B642334007336BC /* ProductsApp.app */,
			);
			name = Products;
			sourceTree = "<group>";
		};
		9DBAA6F82B642334007336BC /* ProductsApp */ = {
			isa = PBXGroup;
			children = (
				9DBAA6F92B642334007336BC /* AppDelegate.swift */,
				9DBAA6FB2B642334007336BC /* SceneDelegate.swift */,
				9DBAA6FD2B642334007336BC /* MainPage.swift */,
				9DBAA70F2B6A7F1D007336BC /* DetailPage.swift */,
				9DBAA70D2B6A7BA6007336BC /* Products.swift */,
				9DBAA7142B6A8DD2007336BC /* ProductsCell.swift */,
				9DBAA6FF2B642334007336BC /* Main.storyboard */,
				9DBAA7022B642338007336BC /* Assets.xcassets */,
				9DBAA7042B642338007336BC /* LaunchScreen.storyboard */,
				9DBAA7072B642338007336BC /* Info.plist */,
			);
			path = ProductsApp;
			sourceTree = "<group>";
		};
/* End PBXGroup section */

/* Begin PBXNativeTarget section */
		9DBAA6F52B642334007336BC /* ProductsApp */ = {
			isa = PBXNativeTarget;
			buildConfigurationList = 9DBAA70A2B642338007336BC /* Build configuration list for PBXNativeTarget "ProductsApp" */;
			buildPhases = (
				9DBAA6F22B642334007336BC /* Sources */,
				9DBAA6F32B642334007336BC /* Frameworks */,
				9DBAA6F42B642334007336BC /* Resources */,
			);
			buildRules = (
			);
			dependencies = (
			);
			name = ProductsApp;
			productName = ProductsApp;
			productReference = 9DBAA6F62B642334007336BC /* ProductsApp.app */;
			productType = "com.apple.product-type.application";
		};
/* End PBXNativeTarget section */

/* Begin PBXProject section */
		9DBAA6EE2B642334007336BC /* Project object */ = {
			isa = PBXProject;
			attributes = {
				BuildIndependentTargetsInParallel = 1;
				LastSwiftUpdateCheck = 1520;
				LastUpgradeCheck = 1520;
				TargetAttributes = {
					9DBAA6F52B642334007336BC = {
						CreatedOnToolsVersion = 15.2;
					};
				};
			};
			buildConfigurationList = 9DBAA6F12B642334007336BC /* Build configuration list for PBXProject "ProductsApp" */;
			compatibilityVersion = "Xcode 14.0";
			developmentRegion = en;
			hasScannedForEncodings = 0;
			knownRegions = (
				en,
				Base,
			);
			mainGroup = 9DBAA6ED2B642334007336BC;
			productRefGroup = 9DBAA6F72B642334007336BC /* Products */;
			projectDirPath = "";
			projectRoot = "";
			targets = (
				9DBAA6F52B642334007336BC /* ProductsApp */,
			);
		};
/* End PBXProject section */

/* Begin PBXResourcesBuildPhase section */
		9DBAA6F42B642334007336BC /* Resources */ = {
			isa = PBXResourcesBuildPhase;
			buildActionMask = 2147483647;
			files = (
				9DBAA7062B642338007336BC /* LaunchScreen.storyboard in Resources */,
				9DBAA7032B642338007336BC /* Assets.xcassets in Resources */,
				9DBAA7012B642334007336BC /* Main.storyboard in Resources */,
			);
			runOnlyForDeploymentPostprocessing = 0;
		};
/* End PBXResourcesBuildPhase section */

/* Begin PBXSourcesBuildPhase section */
		9DBAA6F22B642334007336BC /* Sources */ = {
			isa = PBXSourcesBuildPhase;
			buildActionMask = 2147483647;
			files = (
				9DBAA6FE2B642334007336BC /* MainPage.swift in Sources */,
				9DBAA70E2B6A7BA6007336BC /* Products.swift in Sources */,
				9DBAA6FA2B642334007336BC /* AppDelegate.swift in Sources */,
				9DBAA7102B6A7F1D007336BC /* DetailPage.swift in Sources */,
				9DBAA6FC2B642334007336BC /* SceneDelegate.swift in Sources */,
				9DBAA7152B6A8DD2007336BC /* ProductsCell.swift in Sources */,
			);
			runOnlyForDeploymentPostprocessing = 0;
		};
/* End PBXSourcesBuildPhase section */

/* Begin PBXVariantGroup section */
		9DBAA6FF2B642334007336BC /* Main.storyboard */ = {
			isa = PBXVariantGroup;
			children = (
				9DBAA7002B642334007336BC /* Base */,
			);
			name = Main.storyboard;
			sourceTree = "<group>";
		};
		9DBAA7042B642338007336BC /* LaunchScreen.storyboard */ = {
			isa = PBXVariantGroup;
			children = (
				9DBAA7052B642338007336BC /* Base */,
			);
			name = LaunchScreen.storyboard;
			sourceTree = "<group>";
		};
/* End PBXVariantGroup section */

/* Begin XCBuildConfiguration section */
		9DBAA7082B642338007336BC /* Debug */ = {
			isa = XCBuildConfiguration;
			buildSettings = {
				ALWAYS_SEARCH_USER_PATHS = NO;
				ASSETCATALOG_COMPILER_GENERATE_SWIFT_ASSET_SYMBOL_EXTENSIONS = YES;
				CLANG_ANALYZER_NONNULL = YES;
				CLANG_ANALYZER_NUMBER_OBJECT_CONVERSION = YES_AGGRESSIVE;
				CLANG_CXX_LANGUAGE_STANDARD = "gnu++20";
				CLANG_ENABLE_MODULES = YES;
				CLANG_ENABLE_OBJC_ARC = YES;
				CLANG_ENABLE_OBJC_WEAK = YES;
				CLANG_WARN_BLOCK_CAPTURE_AUTORELEASING = YES;
				CLANG_WARN_BOOL_CONVERSION = YES;
				CLANG_WARN_COMMA = YES;
				CLANG_WARN_CONSTANT_CONVERSION = YES;
				CLANG_WARN_DEPRECATED_OBJC_IMPLEMENTATIONS = YES;
				CLANG_WARN_DIRECT_OBJC_ISA_USAGE = YES_ERROR;
				CLANG_WARN_DOCUMENTATION_COMMENTS = YES;
				CLANG_WARN_EMPTY_BODY = YES;
				CLANG_WARN_ENUM_CONVERSION = YES;
				CLANG_WARN_INFINITE_RECURSION = YES;
				CLANG_WARN_INT_CONVERSION = YES;
				CLANG_WARN_NON_LITERAL_NULL_CONVERSION = YES;
				CLANG_WARN_OBJC_IMPLICIT_RETAIN_SELF = YES;
				CLANG_WARN_OBJC_LITERAL_CONVERSION = YES;
				CLANG_WARN_OBJC_ROOT_CLASS = YES_ERROR;
				CLANG_WARN_QUOTED_INCLUDE_IN_FRAMEWORK_HEADER = YES;
				CLANG_WARN_RANGE_LOOP_ANALYSIS = YES;
				CLANG_WARN_STRICT_PROTOTYPES = YES;
				CLANG_WARN_SUSPICIOUS_MOVE = YES;
				CLANG_WARN_UNGUARDED_AVAILABILITY = YES_AGGRESSIVE;
				CLANG_WARN_UNREACHABLE_CODE = YES;
				CLANG_WARN__DUPLICATE_METHOD_MATCH = YES;
				COPY_PHASE_STRIP = NO;
				DEBUG_INFORMATION_FORMAT = dwarf;
				ENABLE_STRICT_OBJC_MSGSEND = YES;
				ENABLE_TESTABILITY = YES;
				ENABLE_USER_SCRIPT_SANDBOXING = YES;
				GCC_C_LANGUAGE_STANDARD = gnu17;
				GCC_DYNAMIC_NO_PIC = NO;
				GCC_NO_COMMON_BLOCKS = YES;
				GCC_OPTIMIZATION_LEVEL = 0;
				GCC_PREPROCESSOR_DEFINITIONS = (
					"DEBUG=1",
					"$(inherited)",
				);
				GCC_WARN_64_TO_32_BIT_CONVERSION = YES;
				GCC_WARN_ABOUT_RETURN_TYPE = YES_ERROR;
				GCC_WARN_UNDECLARED_SELECTOR = YES;
				GCC_WARN_UNINITIALIZED_AUTOS = YES_AGGRESSIVE;
				GCC_WARN_UNUSED_FUNCTION = YES;
				GCC_WARN_UNUSED_VARIABLE = YES;
				IPHONEOS_DEPLOYMENT_TARGET = 17.2;
				LOCALIZATION_PREFERS_STRING_CATALOGS = YES;
				MTL_ENABLE_DEBUG_INFO = INCLUDE_SOURCE;
				MTL_FAST_MATH = YES;
				ONLY_ACTIVE_ARCH = YES;
				SDKROOT = iphoneos;
				SWIFT_ACTIVE_COMPILATION_CONDITIONS = "DEBUG $(inherited)";
				SWIFT_OPTIMIZATION_LEVEL = "-Onone";
			};
			name = Debug;
		};
		9DBAA7092B642338007336BC /* Release */ = {
			isa = XCBuildConfiguration;
			buildSettings = {
				ALWAYS_SEARCH_USER_PATHS = NO;
				ASSETCATALOG_COMPILER_GENERATE_SWIFT_ASSET_SYMBOL_EXTENSIONS = YES;
				CLANG_ANALYZER_NONNULL = YES;
				CLANG_ANALYZER_NUMBER_OBJECT_CONVERSION = YES_AGGRESSIVE;
				CLANG_CXX_LANGUAGE_STANDARD = "gnu++20";
				CLANG_ENABLE_MODULES = YES;
				CLANG_ENABLE_OBJC_ARC = YES;
				CLANG_ENABLE_OBJC_WEAK = YES;
				CLANG_WARN_BLOCK_CAPTURE_AUTORELEASING = YES;
				CLANG_WARN_BOOL_CONVERSION = YES;
				CLANG_WARN_COMMA = YES;
				CLANG_WARN_CONSTANT_CONVERSION = YES;
				CLANG_WARN_DEPRECATED_OBJC_IMPLEMENTATIONS = YES;
				CLANG_WARN_DIRECT_OBJC_ISA_USAGE = YES_ERROR;
				CLANG_WARN_DOCUMENTATION_COMMENTS = YES;
				CLANG_WARN_EMPTY_BODY = YES;
				CLANG_WARN_ENUM_CONVERSION = YES;
				CLANG_WARN_INFINITE_RECURSION = YES;
				CLANG_WARN_INT_CONVERSION = YES;
				CLANG_WARN_NON_LITERAL_NULL_CONVERSION = YES;
				CLANG_WARN_OBJC_IMPLICIT_RETAIN_SELF = YES;
				CLANG_WARN_OBJC_LITERAL_CONVERSION = YES;
				CLANG_WARN_OBJC_ROOT_CLASS = YES_ERROR;
				CLANG_WARN_QUOTED_INCLUDE_IN_FRAMEWORK_HEADER = YES;
				CLANG_WARN_RANGE_LOOP_ANALYSIS = YES;
				CLANG_WARN_STRICT_PROTOTYPES = YES;
				CLANG_WARN_SUSPICIOUS_MOVE = YES;
				CLANG_WARN_UNGUARDED_AVAILABILITY = YES_AGGRESSIVE;
				CLANG_WARN_UNREACHABLE_CODE = YES;
				CLANG_WARN__DUPLICATE_METHOD_MATCH = YES;
				COPY_PHASE_STRIP = NO;
				DEBUG_INFORMATION_FORMAT = "dwarf-with-dsym";
				ENABLE_NS_ASSERTIONS = NO;
				ENABLE_STRICT_OBJC_MSGSEND = YES;
				ENABLE_USER_SCRIPT_SANDBOXING = YES;
				GCC_C_LANGUAGE_STANDARD = gnu17;
				GCC_NO_COMMON_BLOCKS = YES;
				GCC_WARN_64_TO_32_BIT_CONVERSION = YES;
				GCC_WARN_ABOUT_RETURN_TYPE = YES_ERROR;
				GCC_WARN_UNDECLARED_SELECTOR = YES;
				GCC_WARN_UNINITIALIZED_AUTOS = YES_AGGRESSIVE;
				GCC_WARN_UNUSED_FUNCTION = YES;
				GCC_WARN_UNUSED_VARIABLE = YES;
				IPHONEOS_DEPLOYMENT_TARGET = 17.2;
				LOCALIZATION_PREFERS_STRING_CATALOGS = YES;
				MTL_ENABLE_DEBUG_INFO = NO;
				MTL_FAST_MATH = YES;
				SDKROOT = iphoneos;
				SWIFT_COMPILATION_MODE = wholemodule;
				VALIDATE_PRODUCT = YES;
			};
			name = Release;
		};
		9DBAA70B2B642338007336BC /* Debug */ = {
			isa = XCBuildConfiguration;
			buildSettings = {
				ASSETCATALOG_COMPILER_APPICON_NAME = AppIcon;
				ASSETCATALOG_COMPILER_GLOBAL_ACCENT_COLOR_NAME = AccentColor;
				CODE_SIGN_STYLE = Automatic;
				CURRENT_PROJECT_VERSION = 1;
				GENERATE_INFOPLIST_FILE = YES;
				INFOPLIST_FILE = ProductsApp/Info.plist;
				INFOPLIST_KEY_UIApplicationSupportsIndirectInputEvents = YES;
				INFOPLIST_KEY_UILaunchStoryboardName = LaunchScreen;
				INFOPLIST_KEY_UIMainStoryboardFile = Main;
				INFOPLIST_KEY_UISupportedInterfaceOrientations_iPad = "UIInterfaceOrientationPortrait UIInterfaceOrientationPortraitUpsideDown UIInterfaceOrientationLandscapeLeft UIInterfaceOrientationLandscapeRight";
				INFOPLIST_KEY_UISupportedInterfaceOrientations_iPhone = "UIInterfaceOrientationPortrait UIInterfaceOrientationLandscapeLeft UIInterfaceOrientationLandscapeRight";
				LD_RUNPATH_SEARCH_PATHS = (
					"$(inherited)",
					"@executable_path/Frameworks",
				);
				MARKETING_VERSION = 1.0;
				PRODUCT_BUNDLE_IDENTIFIER = com.irfanbehic.ProductsApp;
				PRODUCT_NAME = "$(TARGET_NAME)";
				SWIFT_EMIT_LOC_STRINGS = YES;
				SWIFT_VERSION = 5.0;
				TARGETED_DEVICE_FAMILY = "1,2";
			};
			name = Debug;
		};
		9DBAA70C2B642338007336BC /* Release */ = {
			isa = XCBuildConfiguration;
			buildSettings = {
				ASSETCATALOG_COMPILER_APPICON_NAME = AppIcon;
				ASSETCATALOG_COMPILER_GLOBAL_ACCENT_COLOR_NAME = AccentColor;
				CODE_SIGN_STYLE = Automatic;
				CURRENT_PROJECT_VERSION = 1;
				GENERATE_INFOPLIST_FILE = YES;
				INFOPLIST_FILE = ProductsApp/Info.plist;
				INFOPLIST_KEY_UIApplicationSupportsIndirectInputEvents = YES;
				INFOPLIST_KEY_UILaunchStoryboardName = LaunchScreen;
				INFOPLIST_KEY_UIMainStoryboardFile = Main;
				INFOPLIST_KEY_UISupportedInterfaceOrientations_iPad = "UIInterfaceOrientationPortrait UIInterfaceOrientationPortraitUpsideDown UIInterfaceOrientationLandscapeLeft UIInterfaceOrientationLandscapeRight";
				INFOPLIST_KEY_UISupportedInterfaceOrientations_iPhone = "UIInterfaceOrientationPortrait UIInterfaceOrientationLandscapeLeft UIInterfaceOrientationLandscapeRight";
				LD_RUNPATH_SEARCH_PATHS = (
					"$(inherited)",
					"@executable_path/Frameworks",
				);
				MARKETING_VERSION = 1.0;
				PRODUCT_BUNDLE_IDENTIFIER = com.irfanbehic.ProductsApp;
				PRODUCT_NAME = "$(TARGET_NAME)";
				SWIFT_EMIT_LOC_STRINGS = YES;
				SWIFT_VERSION = 5.0;
				TARGETED_DEVICE_FAMILY = "1,2";
			};
			name = Release;
		};
/* End XCBuildConfiguration section */

/* Begin XCConfigurationList section */
		9DBAA6F12B642334007336BC /* Build configuration list for PBXProject "ProductsApp" */ = {
			isa = XCConfigurationList;
			buildConfigurations = (
				9DBAA7082B642338007336BC /* Debug */,
				9DBAA7092B642338007336BC /* Release */,
			);
			defaultConfigurationIsVisible = 0;
			defaultConfigurationName = Release;
		};
		9DBAA70A2B642338007336BC /* Build configuration list for PBXNativeTarget "ProductsApp" */ = {
			isa = XCConfigurationList;
			buildConfigurations = (
				9DBAA70B2B642338007336BC /* Debug */,
				9DBAA70C2B642338007336BC /* Release */,
			);
			defaultConfigurationIsVisible = 0;
			defaultConfigurationName = Release;
		};
/* End XCConfigurationList section */
	};
	rootObject = 9DBAA6EE2B642334007336BC /* Project object */;
}
